
Microsoft Visual Studio Solution File, Format Version 12.00
# Visual Studio Version 16
VisualStudioVersion = 16.0.29326.143
MinimumVisualStudioVersion = 10.0.40219.1
Project("{FAE04EC0-301F-11D3-BF4B-00C04F79EFBC}") = "TestRegex", "TestRegex\TestRegex.csproj", "{F432E8E6-B2F3-49F3-A822-67ED163E43CE}"
EndProject
Global
	GlobalSection(SolutionConfigurationPlatforms) = preSolution
		Debug|Any CPU = Debug|Any CPU
		Release|Any CPU = Release|Any CPU
	EndGlobalSection
	GlobalSection(ProjectConfigurationPlatforms) = postSolution
		{F432E8E6-B2F3-49F3-A822-67ED163E43CE}.Debug|Any CPU.ActiveCfg = Debug|Any CPU
		{F432E8E6-B2F3-49F3-A822-67ED163E43CE}.Debug|Any CPU.Build.0 = Debug|Any CPU
		{F432E8E6-B2F3-49F3-A822-67ED163E43CE}.Release|Any CPU.ActiveCfg = Release|Any CPU
		{F432E8E6-B2F3-49F3-A822-67ED163E43CE}.Release|Any CPU.Build.0 = Release|Any CPU
	EndGlobalSection
	GlobalSection(SolutionProperties) = preSolution
		HideSolutionNode = FALSE
	EndGlobalSection
	GlobalSection(ExtensibilityGlobals) = postSolution
		SolutionGuid = {96CA9E04-67E1-478C-8A8C-AB5C95E3029D}
	EndGlobalSection
EndGlobal
